// !$*UTF8*$!
{
	archiveVersion = 1;
	classes = {
	};
	objectVersion = 46;
	objects = {

/* Begin PBXBuildFile section */
		01E55D221BB8EF6E00A9BFED /* AppDelegate.swift in Sources */ = {isa = PBXBuildFile; fileRef = 01E55D211BB8EF6E00A9BFED /* AppDelegate.swift */; };
		01E55D241BB8EF6E00A9BFED /* ViewController.swift in Sources */ = {isa = PBXBuildFile; fileRef = 01E55D231BB8EF6E00A9BFED /* ViewController.swift */; };
		01E55D271BB8EF6E00A9BFED /* Main.storyboard in Resources */ = {isa = PBXBuildFile; fileRef = 01E55D251BB8EF6E00A9BFED /* Main.storyboard */; };
		01E55D291BB8EF6E00A9BFED /* Assets.xcassets in Resources */ = {isa = PBXBuildFile; fileRef = 01E55D281BB8EF6E00A9BFED /* Assets.xcassets */; };
		01E55D2C1BB8EF6E00A9BFED /* LaunchScreen.storyboard in Resources */ = {isa = PBXBuildFile; fileRef = 01E55D2A1BB8EF6E00A9BFED /* LaunchScreen.storyboard */; };
		01E55D371BB8EF6E00A9BFED /* MineSweeperTests.swift in Sources */ = {isa = PBXBuildFile; fileRef = 01E55D361BB8EF6E00A9BFED /* MineSweeperTests.swift */; };
		01E55D421BB8EF6E00A9BFED /* MineSweeperUITests.swift in Sources */ = {isa = PBXBuildFile; fileRef = 01E55D411BB8EF6E00A9BFED /* MineSweeperUITests.swift */; };
		01E55D501BB9497900A9BFED /* Square.swift in Sources */ = {isa = PBXBuildFile; fileRef = 01E55D4F1BB9497900A9BFED /* Square.swift */; };
		01E55D521BB949FD00A9BFED /* Board.swift in Sources */ = {isa = PBXBuildFile; fileRef = 01E55D511BB949FD00A9BFED /* Board.swift */; };
		01E55D541BB94FA700A9BFED /* SquareButton.swift in Sources */ = {isa = PBXBuildFile; fileRef = 01E55D531BB94FA700A9BFED /* SquareButton.swift */; };
/* End PBXBuildFile section */

/* Begin PBXContainerItemProxy section */
		01E55D331BB8EF6E00A9BFED /* PBXContainerItemProxy */ = {
			isa = PBXContainerItemProxy;
			containerPortal = 01E55D161BB8EF6E00A9BFED /* Project object */;
			proxyType = 1;
			remoteGlobalIDString = 01E55D1D1BB8EF6E00A9BFED;
			remoteInfo = MineSweeper;
		};
		01E55D3E1BB8EF6E00A9BFED /* PBXContainerItemProxy */ = {
			isa = PBXContainerItemProxy;
			containerPortal = 01E55D161BB8EF6E00A9BFED /* Project object */;
			proxyType = 1;
			remoteGlobalIDString = 01E55D1D1BB8EF6E00A9BFED;
			remoteInfo = MineSweeper;
		};
/* End PBXContainerItemProxy section */

/* Begin PBXFileReference section */
		01E55D1E1BB8EF6E00A9BFED /* MineSweeper.app */ = {isa = PBXFileReference; explicitFileType = wrapper.application; includeInIndex = 0; path = MineSweeper.app; sourceTree = BUILT_PRODUCTS_DIR; };
		01E55D211BB8EF6E00A9BFED /* AppDelegate.swift */ = {isa = PBXFileReference; lastKnownFileType = sourcecode.swift; path = AppDelegate.swift; sourceTree = "<group>"; };
		01E55D231BB8EF6E00A9BFED /* ViewController.swift */ = {isa = PBXFileReference; lastKnownFileType = sourcecode.swift; path = ViewController.swift; sourceTree = "<group>"; };
		01E55D261BB8EF6E00A9BFED /* Base */ = {isa = PBXFileReference; lastKnownFileType = file.storyboard; name = Base; path = Base.lproj/Main.storyboard; sourceTree = "<group>"; };
		01E55D281BB8EF6E00A9BFED /* Assets.xcassets */ = {isa = PBXFileReference; lastKnownFileType = folder.assetcatalog; path = Assets.xcassets; sourceTree = "<group>"; };
		01E55D2B1BB8EF6E00A9BFED /* Base */ = {isa = PBXFileReference; lastKnownFileType = file.storyboard; name = Base; path = Base.lproj/LaunchScreen.storyboard; sourceTree = "<group>"; };
		01E55D2D1BB8EF6E00A9BFED /* Info.plist */ = {isa = PBXFileReference; lastKnownFileType = text.plist.xml; path = Info.plist; sourceTree = "<group>"; };
		01E55D321BB8EF6E00A9BFED /* MineSweeperTests.xctest */ = {isa = PBXFileReference; explicitFileType = wrapper.cfbundle; includeInIndex = 0; path = MineSweeperTests.xctest; sourceTree = BUILT_PRODUCTS_DIR; };
		01E55D361BB8EF6E00A9BFED /* MineSweeperTests.swift */ = {isa = PBXFileReference; lastKnownFileType = sourcecode.swift; path = MineSweeperTests.swift; sourceTree = "<group>"; };
		01E55D381BB8EF6E00A9BFED /* Info.plist */ = {isa = PBXFileReference; lastKnownFileType = text.plist.xml; path = Info.plist; sourceTree = "<group>"; };
		01E55D3D1BB8EF6E00A9BFED /* MineSweeperUITests.xctest */ = {isa = PBXFileReference; explicitFileType = wrapper.cfbundle; includeInIndex = 0; path = MineSweeperUITests.xctest; sourceTree = BUILT_PRODUCTS_DIR; };
		01E55D411BB8EF6E00A9BFED /* MineSweeperUITests.swift */ = {isa = PBXFileReference; lastKnownFileType = sourcecode.swift; path = MineSweeperUITests.swift; sourceTree = "<group>"; };
		01E55D431BB8EF6E00A9BFED /* Info.plist */ = {isa = PBXFileReference; lastKnownFileType = text.plist.xml; path = Info.plist; sourceTree = "<group>"; };
		01E55D4F1BB9497900A9BFED /* Square.swift */ = {isa = PBXFileReference; fileEncoding = 4; lastKnownFileType = sourcecode.swift; path = Square.swift; sourceTree = "<group>"; };
		01E55D511BB949FD00A9BFED /* Board.swift */ = {isa = PBXFileReference; fileEncoding = 4; lastKnownFileType = sourcecode.swift; path = Board.swift; sourceTree = "<group>"; };
		01E55D531BB94FA700A9BFED /* SquareButton.swift */ = {isa = PBXFileReference; fileEncoding = 4; lastKnownFileType = sourcecode.swift; path = SquareButton.swift; sourceTree = "<group>"; };
/* End PBXFileReference section */

/* Begin PBXFrameworksBuildPhase section */
		01E55D1B1BB8EF6E00A9BFED /* Frameworks */ = {
			isa = PBXFrameworksBuildPhase;
			buildActionMask = 2147483647;
			files = (
			);
			runOnlyForDeploymentPostprocessing = 0;
		};
		01E55D2F1BB8EF6E00A9BFED /* Frameworks */ = {
			isa = PBXFrameworksBuildPhase;
			buildActionMask = 2147483647;
			files = (
			);
			runOnlyForDeploymentPostprocessing = 0;
		};
		01E55D3A1BB8EF6E00A9BFED /* Frameworks */ = {
			isa = PBXFrameworksBuildPhase;
			buildActionMask = 2147483647;
			files = (
			);
			runOnlyForDeploymentPostprocessing = 0;
		};
/* End PBXFrameworksBuildPhase section */

/* Begin PBXGroup section */
		01E55D151BB8EF6E00A9BFED = {
			isa = PBXGroup;
			children = (
				01E55D201BB8EF6E00A9BFED /* MineSweeper */,
				01E55D351BB8EF6E00A9BFED /* MineSweeperTests */,
				01E55D401BB8EF6E00A9BFED /* MineSweeperUITests */,
				01E55D1F1BB8EF6E00A9BFED /* Products */,
			);
			sourceTree = "<group>";
		};
		01E55D1F1BB8EF6E00A9BFED /* Products */ = {
			isa = PBXGroup;
			children = (
				01E55D1E1BB8EF6E00A9BFED /* MineSweeper.app */,
				01E55D321BB8EF6E00A9BFED /* MineSweeperTests.xctest */,
				01E55D3D1BB8EF6E00A9BFED /* MineSweeperUITests.xctest */,
			);
			name = Products;
			sourceTree = "<group>";
		};
		01E55D201BB8EF6E00A9BFED /* MineSweeper */ = {
			isa = PBXGroup;
			children = (
				01E55D211BB8EF6E00A9BFED /* AppDelegate.swift */,
				01E55D231BB8EF6E00A9BFED /* ViewController.swift */,
				01E55D251BB8EF6E00A9BFED /* Main.storyboard */,
				01E55D4F1BB9497900A9BFED /* Square.swift */,
				01E55D511BB949FD00A9BFED /* Board.swift */,
				01E55D531BB94FA700A9BFED /* SquareButton.swift */,
				01E55D281BB8EF6E00A9BFED /* Assets.xcassets */,
				01E55D2A1BB8EF6E00A9BFED /* LaunchScreen.storyboard */,
				01E55D2D1BB8EF6E00A9BFED /* Info.plist */,
			);
			path = MineSweeper;
			sourceTree = "<group>";
		};
		01E55D351BB8EF6E00A9BFED /* MineSweeperTests */ = {
			isa = PBXGroup;
			children = (
				01E55D361BB8EF6E00A9BFED /* MineSweeperTests.swift */,
				01E55D381BB8EF6E00A9BFED /* Info.plist */,
			);
			path = MineSweeperTests;
			sourceTree = "<group>";
		};
		01E55D401BB8EF6E00A9BFED /* MineSweeperUITests */ = {
			isa = PBXGroup;
			children = (
				01E55D411BB8EF6E00A9BFED /* MineSweeperUITests.swift */,
				01E55D431BB8EF6E00A9BFED /* Info.plist */,
			);
			path = MineSweeperUITests;
			sourceTree = "<group>";
		};
/* End PBXGroup section */

/* Begin PBXNativeTarget section */
		01E55D1D1BB8EF6E00A9BFED /* MineSweeper */ = {
			isa = PBXNativeTarget;
			buildConfigurationList = 01E55D461BB8EF6E00A9BFED /* Build configuration list for PBXNativeTarget "MineSweeper" */;
			buildPhases = (
				01E55D1A1BB8EF6E00A9BFED /* Sources */,
				01E55D1B1BB8EF6E00A9BFED /* Frameworks */,
				01E55D1C1BB8EF6E00A9BFED /* Resources */,
			);
			buildRules = (
			);
			dependencies = (
			);
			name = MineSweeper;
			productName = MineSweeper;
			productReference = 01E55D1E1BB8EF6E00A9BFED /* MineSweeper.app */;
			productType = "com.apple.product-type.application";
		};
		01E55D311BB8EF6E00A9BFED /* MineSweeperTests */ = {
			isa = PBXNativeTarget;
			buildConfigurationList = 01E55D491BB8EF6E00A9BFED /* Build configuration list for PBXNativeTarget "MineSweeperTests" */;
			buildPhases = (
				01E55D2E1BB8EF6E00A9BFED /* Sources */,
				01E55D2F1BB8EF6E00A9BFED /* Frameworks */,
				01E55D301BB8EF6E00A9BFED /* Resources */,
			);
			buildRules = (
			);
			dependencies = (
				01E55D341BB8EF6E00A9BFED /* PBXTargetDependency */,
			);
			name = MineSweeperTests;
			productName = MineSweeperTests;
			productReference = 01E55D321BB8EF6E00A9BFED /* MineSweeperTests.xctest */;
			productType = "com.apple.product-type.bundle.unit-test";
		};
		01E55D3C1BB8EF6E00A9BFED /* MineSweeperUITests */ = {
			isa = PBXNativeTarget;
			buildConfigurationList = 01E55D4C1BB8EF6E00A9BFED /* Build configuration list for PBXNativeTarget "MineSweeperUITests" */;
			buildPhases = (
				01E55D391BB8EF6E00A9BFED /* Sources */,
				01E55D3A1BB8EF6E00A9BFED /* Frameworks */,
				01E55D3B1BB8EF6E00A9BFED /* Resources */,
			);
			buildRules = (
			);
			dependencies = (
				01E55D3F1BB8EF6E00A9BFED /* PBXTargetDependency */,
			);
			name = MineSweeperUITests;
			productName = MineSweeperUITests;
			productReference = 01E55D3D1BB8EF6E00A9BFED /* MineSweeperUITests.xctest */;
			productType = "com.apple.product-type.bundle.ui-testing";
		};
/* End PBXNativeTarget section */

/* Begin PBXProject section */
		01E55D161BB8EF6E00A9BFED /* Project object */ = {
			isa = PBXProject;
			attributes = {
				LastUpgradeCheck = 0700;
				ORGANIZATIONNAME = "Yang, Ruijie";
				TargetAttributes = {
					01E55D1D1BB8EF6E00A9BFED = {
						CreatedOnToolsVersion = 7.0;
						DevelopmentTeam = SSRJ43HUR8;
					};
					01E55D311BB8EF6E00A9BFED = {
						CreatedOnToolsVersion = 7.0;
						TestTargetID = 01E55D1D1BB8EF6E00A9BFED;
					};
					01E55D3C1BB8EF6E00A9BFED = {
						CreatedOnToolsVersion = 7.0;
						TestTargetID = 01E55D1D1BB8EF6E00A9BFED;
					};
				};
			};
			buildConfigurationList = 01E55D191BB8EF6E00A9BFED /* Build configuration list for PBXProject "MineSweeper" */;
			compatibilityVersion = "Xcode 3.2";
			developmentRegion = English;
			hasScannedForEncodings = 0;
			knownRegions = (
				en,
				Base,
			);
			mainGroup = 01E55D151BB8EF6E00A9BFED;
			productRefGroup = 01E55D1F1BB8EF6E00A9BFED /* Products */;
			projectDirPath = "";
			projectRoot = "";
			targets = (
				01E55D1D1BB8EF6E00A9BFED /* MineSweeper */,
				01E55D311BB8EF6E00A9BFED /* MineSweeperTests */,
				01E55D3C1BB8EF6E00A9BFED /* MineSweeperUITests */,
			);
		};
/* End PBXProject section */

/* Begin PBXResourcesBuildPhase section */
		01E55D1C1BB8EF6E00A9BFED /* Resources */ = {
			isa = PBXResourcesBuildPhase;
			buildActionMask = 2147483647;
			files = (
				01E55D2C1BB8EF6E00A9BFED /* LaunchScreen.storyboard in Resources */,
				01E55D291BB8EF6E00A9BFED /* Assets.xcassets in Resources */,
				01E55D271BB8EF6E00A9BFED /* Main.storyboard in Resources */,
			);
			runOnlyForDeploymentPostprocessing = 0;
		};
		01E55D301BB8EF6E00A9BFED /* Resources */ = {
			isa = PBXResourcesBuildPhase;
			buildActionMask = 2147483647;
			files = (
			);
			runOnlyForDeploymentPostprocessing = 0;
		};
		01E55D3B1BB8EF6E00A9BFED /* Resources */ = {
			isa = PBXResourcesBuildPhase;
			buildActionMask = 2147483647;
			files = (
			);
			runOnlyForDeploymentPostprocessing = 0;
		};
/* End PBXResourcesBuildPhase section */

/* Begin PBXSourcesBuildPhase section */
		01E55D1A1BB8EF6E00A9BFED /* Sources */ = {
			isa = PBXSourcesBuildPhase;
			buildActionMask = 2147483647;
			files = (
				01E55D541BB94FA700A9BFED /* SquareButton.swift in Sources */,
				01E55D501BB9497900A9BFED /* Square.swift in Sources */,
				01E55D241BB8EF6E00A9BFED /* ViewController.swift in Sources */,
				01E55D521BB949FD00A9BFED /* Board.swift in Sources */,
				01E55D221BB8EF6E00A9BFED /* AppDelegate.swift in Sources */,
			);
			runOnlyForDeploymentPostprocessing = 0;
		};
		01E55D2E1BB8EF6E00A9BFED /* Sources */ = {
			isa = PBXSourcesBuildPhase;
			buildActionMask = 2147483647;
			files = (
				01E55D371BB8EF6E00A9BFED /* MineSweeperTests.swift in Sources */,
			);
			runOnlyForDeploymentPostprocessing = 0;
		};
		01E55D391BB8EF6E00A9BFED /* Sources */ = {
			isa = PBXSourcesBuildPhase;
			buildActionMask = 2147483647;
			files = (
				01E55D421BB8EF6E00A9BFED /* MineSweeperUITests.swift in Sources */,
			);
			runOnlyForDeploymentPostprocessing = 0;
		};
/* End PBXSourcesBuildPhase section */

/* Begin PBXTargetDependency section */
		01E55D341BB8EF6E00A9BFED /* PBXTargetDependency */ = {
			isa = PBXTargetDependency;
			target = 01E55D1D1BB8EF6E00A9BFED /* MineSweeper */;
			targetProxy = 01E55D331BB8EF6E00A9BFED /* PBXContainerItemProxy */;
		};
		01E55D3F1BB8EF6E00A9BFED /* PBXTargetDependency */ = {
			isa = PBXTargetDependency;
			target = 01E55D1D1BB8EF6E00A9BFED /* MineSweeper */;
			targetProxy = 01E55D3E1BB8EF6E00A9BFED /* PBXContainerItemProxy */;
		};
/* End PBXTargetDependency section */

/* Begin PBXVariantGroup section */
		01E55D251BB8EF6E00A9BFED /* Main.storyboard */ = {
			isa = PBXVariantGroup;
			children = (
				01E55D261BB8EF6E00A9BFED /* Base */,
			);
			name = Main.storyboard;
			sourceTree = "<group>";
		};
		01E55D2A1BB8EF6E00A9BFED /* LaunchScreen.storyboard */ = {
			isa = PBXVariantGroup;
			children = (
				01E55D2B1BB8EF6E00A9BFED /* Base */,
			);
			name = LaunchScreen.storyboard;
			sourceTree = "<group>";
		};
/* End PBXVariantGroup section */

/* Begin XCBuildConfiguration section */
		01E55D441BB8EF6E00A9BFED /* Debug */ = {
			isa = XCBuildConfiguration;
			buildSettings = {
				ALWAYS_SEARCH_USER_PATHS = NO;
				CLANG_CXX_LANGUAGE_STANDARD = "gnu++0x";
				CLANG_CXX_LIBRARY = "libc++";
				CLANG_ENABLE_MODULES = YES;
				CLANG_ENABLE_OBJC_ARC = YES;
				CLANG_WARN_BOOL_CONVERSION = YES;
				CLANG_WARN_CONSTANT_CONVERSION = YES;
				CLANG_WARN_DIRECT_OBJC_ISA_USAGE = YES_ERROR;
				CLANG_WARN_EMPTY_BODY = YES;
				CLANG_WARN_ENUM_CONVERSION = YES;
				CLANG_WARN_INT_CONVERSION = YES;
				CLANG_WARN_OBJC_ROOT_CLASS = YES_ERROR;
				CLANG_WARN_UNREACHABLE_CODE = YES;
				CLANG_WARN__DUPLICATE_METHOD_MATCH = YES;
				"CODE_SIGN_IDENTITY[sdk=iphoneos*]" = "iPhone Developer";
				COPY_PHASE_STRIP = NO;
				DEBUG_INFORMATION_FORMAT = dwarf;
				ENABLE_STRICT_OBJC_MSGSEND = YES;
				ENABLE_TESTABILITY = YES;
				GCC_C_LANGUAGE_STANDARD = gnu99;
				GCC_DYNAMIC_NO_PIC = NO;
				GCC_NO_COMMON_BLOCKS = YES;
				GCC_OPTIMIZATION_LEVEL = 0;
				GCC_PREPROCESSOR_DEFINITIONS = (
					"DEBUG=1",
					"$(inherited)",
				);
				GCC_WARN_64_TO_32_BIT_CONVERSION = YES;
				GCC_WARN_ABOUT_RETURN_TYPE = YES_ERROR;
				GCC_WARN_UNDECLARED_SELECTOR = YES;
				GCC_WARN_UNINITIALIZED_AUTOS = YES_AGGRESSIVE;
				GCC_WARN_UNUSED_FUNCTION = YES;
				GCC_WARN_UNUSED_VARIABLE = YES;
				IPHONEOS_DEPLOYMENT_TARGET = 9.0;
				MTL_ENABLE_DEBUG_INFO = YES;
				ONLY_ACTIVE_ARCH = YES;
				SDKROOT = iphoneos;
				SWIFT_OPTIMIZATION_LEVEL = "-Onone";
				TARGETED_DEVICE_FAMILY = "1,2";
			};
			name = Debug;
		};
		01E55D451BB8EF6E00A9BFED /* Release */ = {
			isa = XCBuildConfiguration;
			buildSettings = {
				ALWAYS_SEARCH_USER_PATHS = NO;
				CLANG_CXX_LANGUAGE_STANDARD = "gnu++0x";
				CLANG_CXX_LIBRARY = "libc++";
				CLANG_ENABLE_MODULES = YES;
				CLANG_ENABLE_OBJC_ARC = YES;
				CLANG_WARN_BOOL_CONVERSION = YES;
				CLANG_WARN_CONSTANT_CONVERSION = YES;
				CLANG_WARN_DIRECT_OBJC_ISA_USAGE = YES_ERROR;
				CLANG_WARN_EMPTY_BODY = YES;
				CLANG_WARN_ENUM_CONVERSION = YES;
				CLANG_WARN_INT_CONVERSION = YES;
				CLANG_WARN_OBJC_ROOT_CLASS = YES_ERROR;
				CLANG_WARN_UNREACHABLE_CODE = YES;
				CLANG_WARN__DUPLICATE_METHOD_MATCH = YES;
				"CODE_SIGN_IDENTITY[sdk=iphoneos*]" = "iPhone Developer";
				COPY_PHASE_STRIP = NO;
				DEBUG_INFORMATION_FORMAT = "dwarf-with-dsym";
				ENABLE_NS_ASSERTIONS = NO;
				ENABLE_STRICT_OBJC_MSGSEND = YES;
				GCC_C_LANGUAGE_STANDARD = gnu99;
				GCC_NO_COMMON_BLOCKS = YES;
				GCC_WARN_64_TO_32_BIT_CONVERSION = YES;
				GCC_WARN_ABOUT_RETURN_TYPE = YES_ERROR;
				GCC_WARN_UNDECLARED_SELECTOR = YES;
				GCC_WARN_UNINITIALIZED_AUTOS = YES_AGGRESSIVE;
				GCC_WARN_UNUSED_FUNCTION = YES;
				GCC_WARN_UNUSED_VARIABLE = YES;
				IPHONEOS_DEPLOYMENT_TARGET = 9.0;
				MTL_ENABLE_DEBUG_INFO = NO;
				SDKROOT = iphoneos;
				TARGETED_DEVICE_FAMILY = "1,2";
				VALIDATE_PRODUCT = YES;
			};
			name = Release;
		};
		01E55D471BB8EF6E00A9BFED /* Debug */ = {
			isa = XCBuildConfiguration;
			buildSettings = {
				ASSETCATALOG_COMPILER_APPICON_NAME = AppIcon;
				CODE_SIGN_IDENTITY = "iPhone Developer";
				"CODE_SIGN_IDENTITY[sdk=iphoneos*]" = "iPhone Developer";
				INFOPLIST_FILE = MineSweeper/Info.plist;
				IPHONEOS_DEPLOYMENT_TARGET = 8.0;
				LD_RUNPATH_SEARCH_PATHS = "$(inherited) @executable_path/Frameworks";
				PRODUCT_BUNDLE_IDENTIFIER = ABC.MineSweeper;
				PRODUCT_NAME = "$(TARGET_NAME)";
				PROVISIONING_PROFILE = "";
				VALID_ARCHS = "arm64 armv7";
			};
			name = Debug;
		};
		01E55D481BB8EF6E00A9BFED /* Release */ = {
			isa = XCBuildConfiguration;
			buildSettings = {
				ASSETCATALOG_COMPILER_APPICON_NAME = AppIcon;
				CODE_SIGN_IDENTITY = "iPhone Developer";
				"CODE_SIGN_IDENTITY[sdk=iphoneos*]" = "iPhone Developer";
				INFOPLIST_FILE = MineSweeper/Info.plist;
				IPHONEOS_DEPLOYMENT_TARGET = 8.0;
				LD_RUNPATH_SEARCH_PATHS = "$(inherited) @executable_path/Frameworks";
				PRODUCT_BUNDLE_IDENTIFIER = ABC.MineSweeper;
				PRODUCT_NAME = "$(TARGET_NAME)";
				PROVISIONING_PROFILE = "";
				VALID_ARCHS = "arm64 armv7";
			};
			name = Release;
		};
		01E55D4A1BB8EF6E00A9BFED /* Debug */ = {
			isa = XCBuildConfiguration;
			buildSettings = {
				BUNDLE_LOADER = "$(TEST_HOST)";
				INFOPLIST_FILE = MineSweeperTests/Info.plist;
				LD_RUNPATH_SEARCH_PATHS = "$(inherited) @executable_path/Frameworks @loader_path/Frameworks";
				PRODUCT_BUNDLE_IDENTIFIER = ABC.MineSweeperTests;
				PRODUCT_NAME = "$(TARGET_NAME)";
				TEST_HOST = "$(BUILT_PRODUCTS_DIR)/MineSweeper.app/MineSweeper";
			};
			name = Debug;
		};
		01E55D4B1BB8EF6E00A9BFED /* Release */ = {
			isa = XCBuildConfiguration;
			buildSettings = {
				BUNDLE_LOADER = "$(TEST_HOST)";
				INFOPLIST_FILE = MineSweeperTests/Info.plist;
				LD_RUNPATH_SEARCH_PATHS = "$(inherited) @executable_path/Frameworks @loader_path/Frameworks";
				PRODUCT_BUNDLE_IDENTIFIER = ABC.MineSweeperTests;
				PRODUCT_NAME = "$(TARGET_NAME)";
				TEST_HOST = "$(BUILT_PRODUCTS_DIR)/MineSweeper.app/MineSweeper";
			};
			name = Release;
		};
		01E55D4D1BB8EF6E00A9BFED /* Debug */ = {
			isa = XCBuildConfiguration;
			buildSettings = {
				INFOPLIST_FILE = MineSweeperUITests/Info.plist;
				LD_RUNPATH_SEARCH_PATHS = "$(inherited) @executable_path/Frameworks @loader_path/Frameworks";
				PRODUCT_BUNDLE_IDENTIFIER = ABC.MineSweeperUITests;
				PRODUCT_NAME = "$(TARGET_NAME)";
				TEST_TARGET_NAME = MineSweeper;
				USES_XCTRUNNER = YES;
			};
			name = Debug;
		};
		01E55D4E1BB8EF6E00A9BFED /* Release */ = {
			isa = XCBuildConfiguration;
			buildSettings = {
				INFOPLIST_FILE = MineSweeperUITests/Info.plist;
				LD_RUNPATH_SEARCH_PATHS = "$(inherited) @executable_path/Frameworks @loader_path/Frameworks";
				PRODUCT_BUNDLE_IDENTIFIER = ABC.MineSweeperUITests;
				PRODUCT_NAME = "$(TARGET_NAME)";
				TEST_TARGET_NAME = MineSweeper;
				USES_XCTRUNNER = YES;
			};
			name = Release;
		};
/* End XCBuildConfiguration section */

/* Begin XCConfigurationList section */
		01E55D191BB8EF6E00A9BFED /* Build configuration list for PBXProject "MineSweeper" */ = {
			isa = XCConfigurationList;
			buildConfigurations = (
				01E55D441BB8EF6E00A9BFED /* Debug */,
				01E55D451BB8EF6E00A9BFED /* Release */,
			);
			defaultConfigurationIsVisible = 0;
			defaultConfigurationName = Release;
		};
		01E55D461BB8EF6E00A9BFED /* Build configuration list for PBXNativeTarget "MineSweeper" */ = {
			isa = XCConfigurationList;
			buildConfigurations = (
				01E55D471BB8EF6E00A9BFED /* Debug */,
				01E55D481BB8EF6E00A9BFED /* Release */,
			);
			defaultConfigurationIsVisible = 0;
			defaultConfigurationName = Release;
		};
		01E55D491BB8EF6E00A9BFED /* Build configuration list for PBXNativeTarget "MineSweeperTests" */ = {
			isa = XCConfigurationList;
			buildConfigurations = (
				01E55D4A1BB8EF6E00A9BFED /* Debug */,
				01E55D4B1BB8EF6E00A9BFED /* Release */,
			);
			defaultConfigurationIsVisible = 0;
			defaultConfigurationName = Release;
		};
		01E55D4C1BB8EF6E00A9BFED /* Build configuration list for PBXNativeTarget "MineSweeperUITests" */ = {
			isa = XCConfigurationList;
			buildConfigurations = (
				01E55D4D1BB8EF6E00A9BFED /* Debug */,
				01E55D4E1BB8EF6E00A9BFED /* Release */,
			);
			defaultConfigurationIsVisible = 0;
			defaultConfigurationName = Release;
		};
/* End XCConfigurationList section */
	};
	rootObject = 01E55D161BB8EF6E00A9BFED /* Project object */;
}
